// !$*UTF8*$!
{
	archiveVersion = 1;
	classes = {
	};
	objectVersion = 56;
	objects = {

/* Begin PBXBuildFile section */
		9B7AB21A2D54F31F0018A4E3 /* Meow_GalleryApp.swift in Sources */ = {isa = PBXBuildFile; fileRef = 9B7AB2192D54F31F0018A4E3 /* Meow_GalleryApp.swift */; };
		9B7AB21C2D54F31F0018A4E3 /* ContentView.swift in Sources */ = {isa = PBXBuildFile; fileRef = 9B7AB21B2D54F31F0018A4E3 /* ContentView.swift */; };
		9B7AB21E2D54F3200018A4E3 /* Assets.xcassets in Resources */ = {isa = PBXBuildFile; fileRef = 9B7AB21D2D54F3200018A4E3 /* Assets.xcassets */; };
		9B7AB2212D54F3200018A4E3 /* Preview Assets.xcassets in Resources */ = {isa = PBXBuildFile; fileRef = 9B7AB2202D54F3200018A4E3 /* Preview Assets.xcassets */; };
		9B7AB22B2D54F3200018A4E3 /* Meow_GalleryTests.swift in Sources */ = {isa = PBXBuildFile; fileRef = 9B7AB22A2D54F3200018A4E3 /* Meow_GalleryTests.swift */; };
		9B7AB2352D54F3200018A4E3 /* Meow_GalleryUITests.swift in Sources */ = {isa = PBXBuildFile; fileRef = 9B7AB2342D54F3200018A4E3 /* Meow_GalleryUITests.swift */; };
		9B7AB2372D54F3200018A4E3 /* Meow_GalleryUITestsLaunchTests.swift in Sources */ = {isa = PBXBuildFile; fileRef = 9B7AB2362D54F3200018A4E3 /* Meow_GalleryUITestsLaunchTests.swift */; };
		9B7AB2452D54F39C0018A4E3 /* Cat.swift in Sources */ = {isa = PBXBuildFile; fileRef = 9B7AB2442D54F39C0018A4E3 /* Cat.swift */; };
		9B7AB2482D54F3CB0018A4E3 /* CatViewModel.swift in Sources */ = {isa = PBXBuildFile; fileRef = 9B7AB2472D54F3CB0018A4E3 /* CatViewModel.swift */; };
		9B7AB24B2D54F40F0018A4E3 /* CatListView.swift in Sources */ = {isa = PBXBuildFile; fileRef = 9B7AB24A2D54F40F0018A4E3 /* CatListView.swift */; };
		9B7AB24E2D54F5520018A4E3 /* CatService.swift in Sources */ = {isa = PBXBuildFile; fileRef = 9B7AB24D2D54F5520018A4E3 /* CatService.swift */; };
		9B7AB2502D54F6640018A4E3 /* CatDetailView.swift in Sources */ = {isa = PBXBuildFile; fileRef = 9B7AB24F2D54F6640018A4E3 /* CatDetailView.swift */; };
		9B7AB2522D54F77C0018A4E3 /* Breed.swift in Sources */ = {isa = PBXBuildFile; fileRef = 9B7AB2512D54F77C0018A4E3 /* Breed.swift */; };
/* End PBXBuildFile section */

/* Begin PBXContainerItemProxy section */
		9B7AB2272D54F3200018A4E3 /* PBXContainerItemProxy */ = {
			isa = PBXContainerItemProxy;
			containerPortal = 9B7AB20E2D54F31F0018A4E3 /* Project object */;
			proxyType = 1;
			remoteGlobalIDString = 9B7AB2152D54F31F0018A4E3;
			remoteInfo = "Meow Gallery";
		};
		9B7AB2312D54F3200018A4E3 /* PBXContainerItemProxy */ = {
			isa = PBXContainerItemProxy;
			containerPortal = 9B7AB20E2D54F31F0018A4E3 /* Project object */;
			proxyType = 1;
			remoteGlobalIDString = 9B7AB2152D54F31F0018A4E3;
			remoteInfo = "Meow Gallery";
		};
/* End PBXContainerItemProxy section */

/* Begin PBXFileReference section */
		9B7AB2162D54F31F0018A4E3 /* Meow Gallery.app */ = {isa = PBXFileReference; explicitFileType = wrapper.application; includeInIndex = 0; path = "Meow Gallery.app"; sourceTree = BUILT_PRODUCTS_DIR; };
		9B7AB2192D54F31F0018A4E3 /* Meow_GalleryApp.swift */ = {isa = PBXFileReference; lastKnownFileType = sourcecode.swift; path = Meow_GalleryApp.swift; sourceTree = "<group>"; };
		9B7AB21B2D54F31F0018A4E3 /* ContentView.swift */ = {isa = PBXFileReference; lastKnownFileType = sourcecode.swift; path = ContentView.swift; sourceTree = "<group>"; };
		9B7AB21D2D54F3200018A4E3 /* Assets.xcassets */ = {isa = PBXFileReference; lastKnownFileType = folder.assetcatalog; path = Assets.xcassets; sourceTree = "<group>"; };
		9B7AB2202D54F3200018A4E3 /* Preview Assets.xcassets */ = {isa = PBXFileReference; lastKnownFileType = folder.assetcatalog; path = "Preview Assets.xcassets"; sourceTree = "<group>"; };
		9B7AB2262D54F3200018A4E3 /* Meow GalleryTests.xctest */ = {isa = PBXFileReference; explicitFileType = wrapper.cfbundle; includeInIndex = 0; path = "Meow GalleryTests.xctest"; sourceTree = BUILT_PRODUCTS_DIR; };
		9B7AB22A2D54F3200018A4E3 /* Meow_GalleryTests.swift */ = {isa = PBXFileReference; lastKnownFileType = sourcecode.swift; path = Meow_GalleryTests.swift; sourceTree = "<group>"; };
		9B7AB2302D54F3200018A4E3 /* Meow GalleryUITests.xctest */ = {isa = PBXFileReference; explicitFileType = wrapper.cfbundle; includeInIndex = 0; path = "Meow GalleryUITests.xctest"; sourceTree = BUILT_PRODUCTS_DIR; };
		9B7AB2342D54F3200018A4E3 /* Meow_GalleryUITests.swift */ = {isa = PBXFileReference; lastKnownFileType = sourcecode.swift; path = Meow_GalleryUITests.swift; sourceTree = "<group>"; };
		9B7AB2362D54F3200018A4E3 /* Meow_GalleryUITestsLaunchTests.swift */ = {isa = PBXFileReference; lastKnownFileType = sourcecode.swift; path = Meow_GalleryUITestsLaunchTests.swift; sourceTree = "<group>"; };
		9B7AB2442D54F39C0018A4E3 /* Cat.swift */ = {isa = PBXFileReference; lastKnownFileType = sourcecode.swift; path = Cat.swift; sourceTree = "<group>"; };
		9B7AB2472D54F3CB0018A4E3 /* CatViewModel.swift */ = {isa = PBXFileReference; lastKnownFileType = sourcecode.swift; path = CatViewModel.swift; sourceTree = "<group>"; };
		9B7AB24A2D54F40F0018A4E3 /* CatListView.swift */ = {isa = PBXFileReference; lastKnownFileType = sourcecode.swift; path = CatListView.swift; sourceTree = "<group>"; };
		9B7AB24D2D54F5520018A4E3 /* CatService.swift */ = {isa = PBXFileReference; lastKnownFileType = sourcecode.swift; path = CatService.swift; sourceTree = "<group>"; };
		9B7AB24F2D54F6640018A4E3 /* CatDetailView.swift */ = {isa = PBXFileReference; lastKnownFileType = sourcecode.swift; path = CatDetailView.swift; sourceTree = "<group>"; };
		9B7AB2512D54F77C0018A4E3 /* Breed.swift */ = {isa = PBXFileReference; lastKnownFileType = sourcecode.swift; path = Breed.swift; sourceTree = "<group>"; };
/* End PBXFileReference section */

/* Begin PBXFrameworksBuildPhase section */
		9B7AB2132D54F31F0018A4E3 /* Frameworks */ = {
			isa = PBXFrameworksBuildPhase;
			buildActionMask = 2147483647;
			files = (
			);
			runOnlyForDeploymentPostprocessing = 0;
		};
		9B7AB2232D54F3200018A4E3 /* Frameworks */ = {
			isa = PBXFrameworksBuildPhase;
			buildActionMask = 2147483647;
			files = (
			);
			runOnlyForDeploymentPostprocessing = 0;
		};
		9B7AB22D2D54F3200018A4E3 /* Frameworks */ = {
			isa = PBXFrameworksBuildPhase;
			buildActionMask = 2147483647;
			files = (
			);
			runOnlyForDeploymentPostprocessing = 0;
		};
/* End PBXFrameworksBuildPhase section */

/* Begin PBXGroup section */
		9B7AB20D2D54F31F0018A4E3 = {
			isa = PBXGroup;
			children = (
				9B7AB2182D54F31F0018A4E3 /* Meow Gallery */,
				9B7AB2292D54F3200018A4E3 /* Meow GalleryTests */,
				9B7AB2332D54F3200018A4E3 /* Meow GalleryUITests */,
				9B7AB2172D54F31F0018A4E3 /* Products */,
			);
			sourceTree = "<group>";
		};
		9B7AB2172D54F31F0018A4E3 /* Products */ = {
			isa = PBXGroup;
			children = (
				9B7AB2162D54F31F0018A4E3 /* Meow Gallery.app */,
				9B7AB2262D54F3200018A4E3 /* Meow GalleryTests.xctest */,
				9B7AB2302D54F3200018A4E3 /* Meow GalleryUITests.xctest */,
			);
			name = Products;
			sourceTree = "<group>";
		};
		9B7AB2182D54F31F0018A4E3 /* Meow Gallery */ = {
			isa = PBXGroup;
			children = (
				9B7AB24C2D54F5400018A4E3 /* Service */,
				9B7AB2492D54F3FF0018A4E3 /* View */,
				9B7AB2462D54F3AF0018A4E3 /* ViewModel */,
				9B7AB2432D54F3740018A4E3 /* Model */,
				9B7AB2192D54F31F0018A4E3 /* Meow_GalleryApp.swift */,
				9B7AB21B2D54F31F0018A4E3 /* ContentView.swift */,
				9B7AB21D2D54F3200018A4E3 /* Assets.xcassets */,
				9B7AB21F2D54F3200018A4E3 /* Preview Content */,
			);
			path = "Meow Gallery";
			sourceTree = "<group>";
		};
		9B7AB21F2D54F3200018A4E3 /* Preview Content */ = {
			isa = PBXGroup;
			children = (
				9B7AB2202D54F3200018A4E3 /* Preview Assets.xcassets */,
			);
			path = "Preview Content";
			sourceTree = "<group>";
		};
		9B7AB2292D54F3200018A4E3 /* Meow GalleryTests */ = {
			isa = PBXGroup;
			children = (
				9B7AB22A2D54F3200018A4E3 /* Meow_GalleryTests.swift */,
			);
			path = "Meow GalleryTests";
			sourceTree = "<group>";
		};
		9B7AB2332D54F3200018A4E3 /* Meow GalleryUITests */ = {
			isa = PBXGroup;
			children = (
				9B7AB2342D54F3200018A4E3 /* Meow_GalleryUITests.swift */,
				9B7AB2362D54F3200018A4E3 /* Meow_GalleryUITestsLaunchTests.swift */,
			);
			path = "Meow GalleryUITests";
			sourceTree = "<group>";
		};
		9B7AB2432D54F3740018A4E3 /* Model */ = {
			isa = PBXGroup;
			children = (
				9B7AB2442D54F39C0018A4E3 /* Cat.swift */,
				9B7AB2512D54F77C0018A4E3 /* Breed.swift */,
			);
			path = Model;
			sourceTree = "<group>";
		};
		9B7AB2462D54F3AF0018A4E3 /* ViewModel */ = {
			isa = PBXGroup;
			children = (
				9B7AB2472D54F3CB0018A4E3 /* CatViewModel.swift */,
			);
			path = ViewModel;
			sourceTree = "<group>";
		};
		9B7AB2492D54F3FF0018A4E3 /* View */ = {
			isa = PBXGroup;
			children = (
				9B7AB24A2D54F40F0018A4E3 /* CatListView.swift */,
				9B7AB24F2D54F6640018A4E3 /* CatDetailView.swift */,
			);
			path = View;
			sourceTree = "<group>";
		};
		9B7AB24C2D54F5400018A4E3 /* Service */ = {
			isa = PBXGroup;
			children = (
				9B7AB24D2D54F5520018A4E3 /* CatService.swift */,
			);
			path = Service;
			sourceTree = "<group>";
		};
/* End PBXGroup section */

/* Begin PBXNativeTarget section */
		9B7AB2152D54F31F0018A4E3 /* Meow Gallery */ = {
			isa = PBXNativeTarget;
			buildConfigurationList = 9B7AB23A2D54F3200018A4E3 /* Build configuration list for PBXNativeTarget "Meow Gallery" */;
			buildPhases = (
				9B7AB2122D54F31F0018A4E3 /* Sources */,
				9B7AB2132D54F31F0018A4E3 /* Frameworks */,
				9B7AB2142D54F31F0018A4E3 /* Resources */,
			);
			buildRules = (
			);
			dependencies = (
			);
			name = "Meow Gallery";
			productName = "Meow Gallery";
			productReference = 9B7AB2162D54F31F0018A4E3 /* Meow Gallery.app */;
			productType = "com.apple.product-type.application";
		};
		9B7AB2252D54F3200018A4E3 /* Meow GalleryTests */ = {
			isa = PBXNativeTarget;
			buildConfigurationList = 9B7AB23D2D54F3200018A4E3 /* Build configuration list for PBXNativeTarget "Meow GalleryTests" */;
			buildPhases = (
				9B7AB2222D54F3200018A4E3 /* Sources */,
				9B7AB2232D54F3200018A4E3 /* Frameworks */,
				9B7AB2242D54F3200018A4E3 /* Resources */,
			);
			buildRules = (
			);
			dependencies = (
				9B7AB2282D54F3200018A4E3 /* PBXTargetDependency */,
			);
			name = "Meow GalleryTests";
			productName = "Meow GalleryTests";
			productReference = 9B7AB2262D54F3200018A4E3 /* Meow GalleryTests.xctest */;
			productType = "com.apple.product-type.bundle.unit-test";
		};
		9B7AB22F2D54F3200018A4E3 /* Meow GalleryUITests */ = {
			isa = PBXNativeTarget;
			buildConfigurationList = 9B7AB2402D54F3200018A4E3 /* Build configuration list for PBXNativeTarget "Meow GalleryUITests" */;
			buildPhases = (
				9B7AB22C2D54F3200018A4E3 /* Sources */,
				9B7AB22D2D54F3200018A4E3 /* Frameworks */,
				9B7AB22E2D54F3200018A4E3 /* Resources */,
			);
			buildRules = (
			);
			dependencies = (
				9B7AB2322D54F3200018A4E3 /* PBXTargetDependency */,
			);
			name = "Meow GalleryUITests";
			productName = "Meow GalleryUITests";
			productReference = 9B7AB2302D54F3200018A4E3 /* Meow GalleryUITests.xctest */;
			productType = "com.apple.product-type.bundle.ui-testing";
		};
/* End PBXNativeTarget section */

/* Begin PBXProject section */
		9B7AB20E2D54F31F0018A4E3 /* Project object */ = {
			isa = PBXProject;
			attributes = {
				BuildIndependentTargetsInParallel = 1;
				LastSwiftUpdateCheck = 1520;
				LastUpgradeCheck = 1520;
				TargetAttributes = {
					9B7AB2152D54F31F0018A4E3 = {
						CreatedOnToolsVersion = 15.2;
					};
					9B7AB2252D54F3200018A4E3 = {
						CreatedOnToolsVersion = 15.2;
						TestTargetID = 9B7AB2152D54F31F0018A4E3;
					};
					9B7AB22F2D54F3200018A4E3 = {
						CreatedOnToolsVersion = 15.2;
						TestTargetID = 9B7AB2152D54F31F0018A4E3;
					};
				};
			};
			buildConfigurationList = 9B7AB2112D54F31F0018A4E3 /* Build configuration list for PBXProject "Meow Gallery" */;
			compatibilityVersion = "Xcode 14.0";
			developmentRegion = en;
			hasScannedForEncodings = 0;
			knownRegions = (
				en,
				Base,
			);
			mainGroup = 9B7AB20D2D54F31F0018A4E3;
			productRefGroup = 9B7AB2172D54F31F0018A4E3 /* Products */;
			projectDirPath = "";
			projectRoot = "";
			targets = (
				9B7AB2152D54F31F0018A4E3 /* Meow Gallery */,
				9B7AB2252D54F3200018A4E3 /* Meow GalleryTests */,
				9B7AB22F2D54F3200018A4E3 /* Meow GalleryUITests */,
			);
		};
/* End PBXProject section */

/* Begin PBXResourcesBuildPhase section */
		9B7AB2142D54F31F0018A4E3 /* Resources */ = {
			isa = PBXResourcesBuildPhase;
			buildActionMask = 2147483647;
			files = (
				9B7AB2212D54F3200018A4E3 /* Preview Assets.xcassets in Resources */,
				9B7AB21E2D54F3200018A4E3 /* Assets.xcassets in Resources */,
			);
			runOnlyForDeploymentPostprocessing = 0;
		};
		9B7AB2242D54F3200018A4E3 /* Resources */ = {
			isa = PBXResourcesBuildPhase;
			buildActionMask = 2147483647;
			files = (
			);
			runOnlyForDeploymentPostprocessing = 0;
		};
		9B7AB22E2D54F3200018A4E3 /* Resources */ = {
			isa = PBXResourcesBuildPhase;
			buildActionMask = 2147483647;
			files = (
			);
			runOnlyForDeploymentPostprocessing = 0;
		};
/* End PBXResourcesBuildPhase section */

/* Begin PBXSourcesBuildPhase section */
		9B7AB2122D54F31F0018A4E3 /* Sources */ = {
			isa = PBXSourcesBuildPhase;
			buildActionMask = 2147483647;
			files = (
				9B7AB2522D54F77C0018A4E3 /* Breed.swift in Sources */,
				9B7AB24E2D54F5520018A4E3 /* CatService.swift in Sources */,
				9B7AB21C2D54F31F0018A4E3 /* ContentView.swift in Sources */,
				9B7AB24B2D54F40F0018A4E3 /* CatListView.swift in Sources */,
				9B7AB2482D54F3CB0018A4E3 /* CatViewModel.swift in Sources */,
				9B7AB21A2D54F31F0018A4E3 /* Meow_GalleryApp.swift in Sources */,
				9B7AB2502D54F6640018A4E3 /* CatDetailView.swift in Sources */,
				9B7AB2452D54F39C0018A4E3 /* Cat.swift in Sources */,
			);
			runOnlyForDeploymentPostprocessing = 0;
		};
		9B7AB2222D54F3200018A4E3 /* Sources */ = {
			isa = PBXSourcesBuildPhase;
			buildActionMask = 2147483647;
			files = (
				9B7AB22B2D54F3200018A4E3 /* Meow_GalleryTests.swift in Sources */,
			);
			runOnlyForDeploymentPostprocessing = 0;
		};
		9B7AB22C2D54F3200018A4E3 /* Sources */ = {
			isa = PBXSourcesBuildPhase;
			buildActionMask = 2147483647;
			files = (
				9B7AB2352D54F3200018A4E3 /* Meow_GalleryUITests.swift in Sources */,
				9B7AB2372D54F3200018A4E3 /* Meow_GalleryUITestsLaunchTests.swift in Sources */,
			);
			runOnlyForDeploymentPostprocessing = 0;
		};
/* End PBXSourcesBuildPhase section */

/* Begin PBXTargetDependency section */
		9B7AB2282D54F3200018A4E3 /* PBXTargetDependency */ = {
			isa = PBXTargetDependency;
			target = 9B7AB2152D54F31F0018A4E3 /* Meow Gallery */;
			targetProxy = 9B7AB2272D54F3200018A4E3 /* PBXContainerItemProxy */;
		};
		9B7AB2322D54F3200018A4E3 /* PBXTargetDependency */ = {
			isa = PBXTargetDependency;
			target = 9B7AB2152D54F31F0018A4E3 /* Meow Gallery */;
			targetProxy = 9B7AB2312D54F3200018A4E3 /* PBXContainerItemProxy */;
		};
/* End PBXTargetDependency section */

/* Begin XCBuildConfiguration section */
		9B7AB2382D54F3200018A4E3 /* Debug */ = {
			isa = XCBuildConfiguration;
			buildSettings = {
				ALWAYS_SEARCH_USER_PATHS = NO;
				ASSETCATALOG_COMPILER_GENERATE_SWIFT_ASSET_SYMBOL_EXTENSIONS = YES;
				CLANG_ANALYZER_NONNULL = YES;
				CLANG_ANALYZER_NUMBER_OBJECT_CONVERSION = YES_AGGRESSIVE;
				CLANG_CXX_LANGUAGE_STANDARD = "gnu++20";
				CLANG_ENABLE_MODULES = YES;
				CLANG_ENABLE_OBJC_ARC = YES;
				CLANG_ENABLE_OBJC_WEAK = YES;
				CLANG_WARN_BLOCK_CAPTURE_AUTORELEASING = YES;
				CLANG_WARN_BOOL_CONVERSION = YES;
				CLANG_WARN_COMMA = YES;
				CLANG_WARN_CONSTANT_CONVERSION = YES;
				CLANG_WARN_DEPRECATED_OBJC_IMPLEMENTATIONS = YES;
				CLANG_WARN_DIRECT_OBJC_ISA_USAGE = YES_ERROR;
				CLANG_WARN_DOCUMENTATION_COMMENTS = YES;
				CLANG_WARN_EMPTY_BODY = YES;
				CLANG_WARN_ENUM_CONVERSION = YES;
				CLANG_WARN_INFINITE_RECURSION = YES;
				CLANG_WARN_INT_CONVERSION = YES;
				CLANG_WARN_NON_LITERAL_NULL_CONVERSION = YES;
				CLANG_WARN_OBJC_IMPLICIT_RETAIN_SELF = YES;
				CLANG_WARN_OBJC_LITERAL_CONVERSION = YES;
				CLANG_WARN_OBJC_ROOT_CLASS = YES_ERROR;
				CLANG_WARN_QUOTED_INCLUDE_IN_FRAMEWORK_HEADER = YES;
				CLANG_WARN_RANGE_LOOP_ANALYSIS = YES;
				CLANG_WARN_STRICT_PROTOTYPES = YES;
				CLANG_WARN_SUSPICIOUS_MOVE = YES;
				CLANG_WARN_UNGUARDED_AVAILABILITY = YES_AGGRESSIVE;
				CLANG_WARN_UNREACHABLE_CODE = YES;
				CLANG_WARN__DUPLICATE_METHOD_MATCH = YES;
				COPY_PHASE_STRIP = NO;
				DEBUG_INFORMATION_FORMAT = dwarf;
				ENABLE_STRICT_OBJC_MSGSEND = YES;
				ENABLE_TESTABILITY = YES;
				ENABLE_USER_SCRIPT_SANDBOXING = YES;
				GCC_C_LANGUAGE_STANDARD = gnu17;
				GCC_DYNAMIC_NO_PIC = NO;
				GCC_NO_COMMON_BLOCKS = YES;
				GCC_OPTIMIZATION_LEVEL = 0;
				GCC_PREPROCESSOR_DEFINITIONS = (
					"DEBUG=1",
					"$(inherited)",
				);
				GCC_WARN_64_TO_32_BIT_CONVERSION = YES;
				GCC_WARN_ABOUT_RETURN_TYPE = YES_ERROR;
				GCC_WARN_UNDECLARED_SELECTOR = YES;
				GCC_WARN_UNINITIALIZED_AUTOS = YES_AGGRESSIVE;
				GCC_WARN_UNUSED_FUNCTION = YES;
				GCC_WARN_UNUSED_VARIABLE = YES;
				IPHONEOS_DEPLOYMENT_TARGET = 17.2;
				LOCALIZATION_PREFERS_STRING_CATALOGS = YES;
				MTL_ENABLE_DEBUG_INFO = INCLUDE_SOURCE;
				MTL_FAST_MATH = YES;
				ONLY_ACTIVE_ARCH = YES;
				SDKROOT = iphoneos;
				SWIFT_ACTIVE_COMPILATION_CONDITIONS = "DEBUG $(inherited)";
				SWIFT_OPTIMIZATION_LEVEL = "-Onone";
			};
			name = Debug;
		};
		9B7AB2392D54F3200018A4E3 /* Release */ = {
			isa = XCBuildConfiguration;
			buildSettings = {
				ALWAYS_SEARCH_USER_PATHS = NO;
				ASSETCATALOG_COMPILER_GENERATE_SWIFT_ASSET_SYMBOL_EXTENSIONS = YES;
				CLANG_ANALYZER_NONNULL = YES;
				CLANG_ANALYZER_NUMBER_OBJECT_CONVERSION = YES_AGGRESSIVE;
				CLANG_CXX_LANGUAGE_STANDARD = "gnu++20";
				CLANG_ENABLE_MODULES = YES;
				CLANG_ENABLE_OBJC_ARC = YES;
				CLANG_ENABLE_OBJC_WEAK = YES;
				CLANG_WARN_BLOCK_CAPTURE_AUTORELEASING = YES;
				CLANG_WARN_BOOL_CONVERSION = YES;
				CLANG_WARN_COMMA = YES;
				CLANG_WARN_CONSTANT_CONVERSION = YES;
				CLANG_WARN_DEPRECATED_OBJC_IMPLEMENTATIONS = YES;
				CLANG_WARN_DIRECT_OBJC_ISA_USAGE = YES_ERROR;
				CLANG_WARN_DOCUMENTATION_COMMENTS = YES;
				CLANG_WARN_EMPTY_BODY = YES;
				CLANG_WARN_ENUM_CONVERSION = YES;
				CLANG_WARN_INFINITE_RECURSION = YES;
				CLANG_WARN_INT_CONVERSION = YES;
				CLANG_WARN_NON_LITERAL_NULL_CONVERSION = YES;
				CLANG_WARN_OBJC_IMPLICIT_RETAIN_SELF = YES;
				CLANG_WARN_OBJC_LITERAL_CONVERSION = YES;
				CLANG_WARN_OBJC_ROOT_CLASS = YES_ERROR;
				CLANG_WARN_QUOTED_INCLUDE_IN_FRAMEWORK_HEADER = YES;
				CLANG_WARN_RANGE_LOOP_ANALYSIS = YES;
				CLANG_WARN_STRICT_PROTOTYPES = YES;
				CLANG_WARN_SUSPICIOUS_MOVE = YES;
				CLANG_WARN_UNGUARDED_AVAILABILITY = YES_AGGRESSIVE;
				CLANG_WARN_UNREACHABLE_CODE = YES;
				CLANG_WARN__DUPLICATE_METHOD_MATCH = YES;
				COPY_PHASE_STRIP = NO;
				DEBUG_INFORMATION_FORMAT = "dwarf-with-dsym";
				ENABLE_NS_ASSERTIONS = NO;
				ENABLE_STRICT_OBJC_MSGSEND = YES;
				ENABLE_USER_SCRIPT_SANDBOXING = YES;
				GCC_C_LANGUAGE_STANDARD = gnu17;
				GCC_NO_COMMON_BLOCKS = YES;
				GCC_WARN_64_TO_32_BIT_CONVERSION = YES;
				GCC_WARN_ABOUT_RETURN_TYPE = YES_ERROR;
				GCC_WARN_UNDECLARED_SELECTOR = YES;
				GCC_WARN_UNINITIALIZED_AUTOS = YES_AGGRESSIVE;
				GCC_WARN_UNUSED_FUNCTION = YES;
				GCC_WARN_UNUSED_VARIABLE = YES;
				IPHONEOS_DEPLOYMENT_TARGET = 17.2;
				LOCALIZATION_PREFERS_STRING_CATALOGS = YES;
				MTL_ENABLE_DEBUG_INFO = NO;
				MTL_FAST_MATH = YES;
				SDKROOT = iphoneos;
				SWIFT_COMPILATION_MODE = wholemodule;
				VALIDATE_PRODUCT = YES;
			};
			name = Release;
		};
		9B7AB23B2D54F3200018A4E3 /* Debug */ = {
			isa = XCBuildConfiguration;
			buildSettings = {
				ASSETCATALOG_COMPILER_APPICON_NAME = AppIcon;
				ASSETCATALOG_COMPILER_GLOBAL_ACCENT_COLOR_NAME = AccentColor;
				CODE_SIGN_STYLE = Automatic;
				CURRENT_PROJECT_VERSION = 1;
				DEVELOPMENT_ASSET_PATHS = "\"Meow Gallery/Preview Content\"";
				ENABLE_PREVIEWS = YES;
				GENERATE_INFOPLIST_FILE = YES;
				INFOPLIST_KEY_UIApplicationSceneManifest_Generation = YES;
				INFOPLIST_KEY_UIApplicationSupportsIndirectInputEvents = YES;
				INFOPLIST_KEY_UILaunchScreen_Generation = YES;
				INFOPLIST_KEY_UISupportedInterfaceOrientations_iPad = "UIInterfaceOrientationPortrait UIInterfaceOrientationPortraitUpsideDown UIInterfaceOrientationLandscapeLeft UIInterfaceOrientationLandscapeRight";
				INFOPLIST_KEY_UISupportedInterfaceOrientations_iPhone = "UIInterfaceOrientationPortrait UIInterfaceOrientationLandscapeLeft UIInterfaceOrientationLandscapeRight";
				LD_RUNPATH_SEARCH_PATHS = (
					"$(inherited)",
					"@executable_path/Frameworks",
				);
				MARKETING_VERSION = 1.0;
				PRODUCT_BUNDLE_IDENTIFIER = "com.exsquared.meowgallery.Meow-Gallery";
				PRODUCT_NAME = "$(TARGET_NAME)";
				SWIFT_EMIT_LOC_STRINGS = YES;
				SWIFT_VERSION = 5.0;
				TARGETED_DEVICE_FAMILY = "1,2";
			};
			name = Debug;
		};
		9B7AB23C2D54F3200018A4E3 /* Release */ = {
			isa = XCBuildConfiguration;
			buildSettings = {
				ASSETCATALOG_COMPILER_APPICON_NAME = AppIcon;
				ASSETCATALOG_COMPILER_GLOBAL_ACCENT_COLOR_NAME = AccentColor;
				CODE_SIGN_STYLE = Automatic;
				CURRENT_PROJECT_VERSION = 1;
				DEVELOPMENT_ASSET_PATHS = "\"Meow Gallery/Preview Content\"";
				ENABLE_PREVIEWS = YES;
				GENERATE_INFOPLIST_FILE = YES;
				INFOPLIST_KEY_UIApplicationSceneManifest_Generation = YES;
				INFOPLIST_KEY_UIApplicationSupportsIndirectInputEvents = YES;
				INFOPLIST_KEY_UILaunchScreen_Generation = YES;
				INFOPLIST_KEY_UISupportedInterfaceOrientations_iPad = "UIInterfaceOrientationPortrait UIInterfaceOrientationPortraitUpsideDown UIInterfaceOrientationLandscapeLeft UIInterfaceOrientationLandscapeRight";
				INFOPLIST_KEY_UISupportedInterfaceOrientations_iPhone = "UIInterfaceOrientationPortrait UIInterfaceOrientationLandscapeLeft UIInterfaceOrientationLandscapeRight";
				LD_RUNPATH_SEARCH_PATHS = (
					"$(inherited)",
					"@executable_path/Frameworks",
				);
				MARKETING_VERSION = 1.0;
				PRODUCT_BUNDLE_IDENTIFIER = "com.exsquared.meowgallery.Meow-Gallery";
				PRODUCT_NAME = "$(TARGET_NAME)";
				SWIFT_EMIT_LOC_STRINGS = YES;
				SWIFT_VERSION = 5.0;
				TARGETED_DEVICE_FAMILY = "1,2";
			};
			name = Release;
		};
		9B7AB23E2D54F3200018A4E3 /* Debug */ = {
			isa = XCBuildConfiguration;
			buildSettings = {
				ALWAYS_EMBED_SWIFT_STANDARD_LIBRARIES = YES;
				BUNDLE_LOADER = "$(TEST_HOST)";
				CODE_SIGN_STYLE = Automatic;
				CURRENT_PROJECT_VERSION = 1;
				GENERATE_INFOPLIST_FILE = YES;
				IPHONEOS_DEPLOYMENT_TARGET = 17.2;
				MARKETING_VERSION = 1.0;
				PRODUCT_BUNDLE_IDENTIFIER = "com.exsquared.meowgallery.Meow-GalleryTests";
				PRODUCT_NAME = "$(TARGET_NAME)";
				SWIFT_EMIT_LOC_STRINGS = NO;
				SWIFT_VERSION = 5.0;
				TARGETED_DEVICE_FAMILY = "1,2";
				TEST_HOST = "$(BUILT_PRODUCTS_DIR)/Meow Gallery.app/$(BUNDLE_EXECUTABLE_FOLDER_PATH)/Meow Gallery";
			};
			name = Debug;
		};
		9B7AB23F2D54F3200018A4E3 /* Release */ = {
			isa = XCBuildConfiguration;
			buildSettings = {
				ALWAYS_EMBED_SWIFT_STANDARD_LIBRARIES = YES;
				BUNDLE_LOADER = "$(TEST_HOST)";
				CODE_SIGN_STYLE = Automatic;
				CURRENT_PROJECT_VERSION = 1;
				GENERATE_INFOPLIST_FILE = YES;
				IPHONEOS_DEPLOYMENT_TARGET = 17.2;
				MARKETING_VERSION = 1.0;
				PRODUCT_BUNDLE_IDENTIFIER = "com.exsquared.meowgallery.Meow-GalleryTests";
				PRODUCT_NAME = "$(TARGET_NAME)";
				SWIFT_EMIT_LOC_STRINGS = NO;
				SWIFT_VERSION = 5.0;
				TARGETED_DEVICE_FAMILY = "1,2";
				TEST_HOST = "$(BUILT_PRODUCTS_DIR)/Meow Gallery.app/$(BUNDLE_EXECUTABLE_FOLDER_PATH)/Meow Gallery";
			};
			name = Release;
		};
		9B7AB2412D54F3200018A4E3 /* Debug */ = {
			isa = XCBuildConfiguration;
			buildSettings = {
				ALWAYS_EMBED_SWIFT_STANDARD_LIBRARIES = YES;
				CODE_SIGN_STYLE = Automatic;
				CURRENT_PROJECT_VERSION = 1;
				GENERATE_INFOPLIST_FILE = YES;
				MARKETING_VERSION = 1.0;
				PRODUCT_BUNDLE_IDENTIFIER = "com.exsquared.meowgallery.Meow-GalleryUITests";
				PRODUCT_NAME = "$(TARGET_NAME)";
				SWIFT_EMIT_LOC_STRINGS = NO;
				SWIFT_VERSION = 5.0;
				TARGETED_DEVICE_FAMILY = "1,2";
				TEST_TARGET_NAME = "Meow Gallery";
			};
			name = Debug;
		};
		9B7AB2422D54F3200018A4E3 /* Release */ = {
			isa = XCBuildConfiguration;
			buildSettings = {
				ALWAYS_EMBED_SWIFT_STANDARD_LIBRARIES = YES;
				CODE_SIGN_STYLE = Automatic;
				CURRENT_PROJECT_VERSION = 1;
				GENERATE_INFOPLIST_FILE = YES;
				MARKETING_VERSION = 1.0;
				PRODUCT_BUNDLE_IDENTIFIER = "com.exsquared.meowgallery.Meow-GalleryUITests";
				PRODUCT_NAME = "$(TARGET_NAME)";
				SWIFT_EMIT_LOC_STRINGS = NO;
				SWIFT_VERSION = 5.0;
				TARGETED_DEVICE_FAMILY = "1,2";
				TEST_TARGET_NAME = "Meow Gallery";
			};
			name = Release;
		};
/* End XCBuildConfiguration section */

/* Begin XCConfigurationList section */
		9B7AB2112D54F31F0018A4E3 /* Build configuration list for PBXProject "Meow Gallery" */ = {
			isa = XCConfigurationList;
			buildConfigurations = (
				9B7AB2382D54F3200018A4E3 /* Debug */,
				9B7AB2392D54F3200018A4E3 /* Release */,
			);
			defaultConfigurationIsVisible = 0;
			defaultConfigurationName = Release;
		};
		9B7AB23A2D54F3200018A4E3 /* Build configuration list for PBXNativeTarget "Meow Gallery" */ = {
			isa = XCConfigurationList;
			buildConfigurations = (
				9B7AB23B2D54F3200018A4E3 /* Debug */,
				9B7AB23C2D54F3200018A4E3 /* Release */,
			);
			defaultConfigurationIsVisible = 0;
			defaultConfigurationName = Release;
		};
		9B7AB23D2D54F3200018A4E3 /* Build configuration list for PBXNativeTarget "Meow GalleryTests" */ = {
			isa = XCConfigurationList;
			buildConfigurations = (
				9B7AB23E2D54F3200018A4E3 /* Debug */,
				9B7AB23F2D54F3200018A4E3 /* Release */,
			);
			defaultConfigurationIsVisible = 0;
			defaultConfigurationName = Release;
		};
		9B7AB2402D54F3200018A4E3 /* Build configuration list for PBXNativeTarget "Meow GalleryUITests" */ = {
			isa = XCConfigurationList;
			buildConfigurations = (
				9B7AB2412D54F3200018A4E3 /* Debug */,
				9B7AB2422D54F3200018A4E3 /* Release */,
			);
			defaultConfigurationIsVisible = 0;
			defaultConfigurationName = Release;
		};
/* End XCConfigurationList section */
	};
	rootObject = 9B7AB20E2D54F31F0018A4E3 /* Project object */;
}
